// !$*UTF8*$!
{
	archiveVersion = 1;
	classes = {
	};
	objectVersion = 50;
	objects = {

/* Begin PBXBuildFile section */
		785551A92682A64200C810C2 /* AppDelegate.m in Sources */ = {isa = PBXBuildFile; fileRef = 785551A82682A64200C810C2 /* AppDelegate.m */; };
		785551AC2682A64200C810C2 /* SceneDelegate.m in Sources */ = {isa = PBXBuildFile; fileRef = 785551AB2682A64200C810C2 /* SceneDelegate.m */; };
		785551B22682A64200C810C2 /* Main.storyboard in Resources */ = {isa = PBXBuildFile; fileRef = 785551B02682A64200C810C2 /* Main.storyboard */; };
		785551B42682A64300C810C2 /* Assets.xcassets in Resources */ = {isa = PBXBuildFile; fileRef = 785551B32682A64300C810C2 /* Assets.xcassets */; };
		785551B72682A64300C810C2 /* LaunchScreen.storyboard in Resources */ = {isa = PBXBuildFile; fileRef = 785551B52682A64300C810C2 /* LaunchScreen.storyboard */; };
		785551BA2682A64300C810C2 /* main.m in Sources */ = {isa = PBXBuildFile; fileRef = 785551B92682A64300C810C2 /* main.m */; };
		785551C42682A64300C810C2 /* Tipsy2_0Tests.m in Sources */ = {isa = PBXBuildFile; fileRef = 785551C32682A64300C810C2 /* Tipsy2_0Tests.m */; };
		785551CF2682A64300C810C2 /* Tipsy2_0UITests.m in Sources */ = {isa = PBXBuildFile; fileRef = 785551CE2682A64300C810C2 /* Tipsy2_0UITests.m */; };
		785551DE2682A99600C810C2 /* TipViewController.m in Sources */ = {isa = PBXBuildFile; fileRef = 785551DD2682A99600C810C2 /* TipViewController.m */; };
/* End PBXBuildFile section */

/* Begin PBXContainerItemProxy section */
		785551C02682A64300C810C2 /* PBXContainerItemProxy */ = {
			isa = PBXContainerItemProxy;
			containerPortal = 7855519C2682A64200C810C2 /* Project object */;
			proxyType = 1;
			remoteGlobalIDString = 785551A32682A64200C810C2;
			remoteInfo = Tipsy2.0;
		};
		785551CB2682A64300C810C2 /* PBXContainerItemProxy */ = {
			isa = PBXContainerItemProxy;
			containerPortal = 7855519C2682A64200C810C2 /* Project object */;
			proxyType = 1;
			remoteGlobalIDString = 785551A32682A64200C810C2;
			remoteInfo = Tipsy2.0;
		};
/* End PBXContainerItemProxy section */

/* Begin PBXFileReference section */
		785551A42682A64200C810C2 /* Tipsy2.0.app */ = {isa = PBXFileReference; explicitFileType = wrapper.application; includeInIndex = 0; path = Tipsy2.0.app; sourceTree = BUILT_PRODUCTS_DIR; };
		785551A72682A64200C810C2 /* AppDelegate.h */ = {isa = PBXFileReference; lastKnownFileType = sourcecode.c.h; path = AppDelegate.h; sourceTree = "<group>"; };
		785551A82682A64200C810C2 /* AppDelegate.m */ = {isa = PBXFileReference; lastKnownFileType = sourcecode.c.objc; path = AppDelegate.m; sourceTree = "<group>"; };
		785551AA2682A64200C810C2 /* SceneDelegate.h */ = {isa = PBXFileReference; lastKnownFileType = sourcecode.c.h; path = SceneDelegate.h; sourceTree = "<group>"; };
		785551AB2682A64200C810C2 /* SceneDelegate.m */ = {isa = PBXFileReference; lastKnownFileType = sourcecode.c.objc; path = SceneDelegate.m; sourceTree = "<group>"; };
		785551B12682A64200C810C2 /* Base */ = {isa = PBXFileReference; lastKnownFileType = file.storyboard; name = Base; path = Base.lproj/Main.storyboard; sourceTree = "<group>"; };
		785551B32682A64300C810C2 /* Assets.xcassets */ = {isa = PBXFileReference; lastKnownFileType = folder.assetcatalog; path = Assets.xcassets; sourceTree = "<group>"; };
		785551B62682A64300C810C2 /* Base */ = {isa = PBXFileReference; lastKnownFileType = file.storyboard; name = Base; path = Base.lproj/LaunchScreen.storyboard; sourceTree = "<group>"; };
		785551B82682A64300C810C2 /* Info.plist */ = {isa = PBXFileReference; lastKnownFileType = text.plist.xml; path = Info.plist; sourceTree = "<group>"; };
		785551B92682A64300C810C2 /* main.m */ = {isa = PBXFileReference; lastKnownFileType = sourcecode.c.objc; path = main.m; sourceTree = "<group>"; };
		785551BF2682A64300C810C2 /* Tipsy2.0Tests.xctest */ = {isa = PBXFileReference; explicitFileType = wrapper.cfbundle; includeInIndex = 0; path = Tipsy2.0Tests.xctest; sourceTree = BUILT_PRODUCTS_DIR; };
		785551C32682A64300C810C2 /* Tipsy2_0Tests.m */ = {isa = PBXFileReference; lastKnownFileType = sourcecode.c.objc; path = Tipsy2_0Tests.m; sourceTree = "<group>"; };
		785551C52682A64300C810C2 /* Info.plist */ = {isa = PBXFileReference; lastKnownFileType = text.plist.xml; path = Info.plist; sourceTree = "<group>"; };
		785551CA2682A64300C810C2 /* Tipsy2.0UITests.xctest */ = {isa = PBXFileReference; explicitFileType = wrapper.cfbundle; includeInIndex = 0; path = Tipsy2.0UITests.xctest; sourceTree = BUILT_PRODUCTS_DIR; };
		785551CE2682A64300C810C2 /* Tipsy2_0UITests.m */ = {isa = PBXFileReference; lastKnownFileType = sourcecode.c.objc; path = Tipsy2_0UITests.m; sourceTree = "<group>"; };
		785551D02682A64300C810C2 /* Info.plist */ = {isa = PBXFileReference; lastKnownFileType = text.plist.xml; path = Info.plist; sourceTree = "<group>"; };
		785551DC2682A99600C810C2 /* TipViewController.h */ = {isa = PBXFileReference; lastKnownFileType = sourcecode.c.h; path = TipViewController.h; sourceTree = "<group>"; };
		785551DD2682A99600C810C2 /* TipViewController.m */ = {isa = PBXFileReference; lastKnownFileType = sourcecode.c.objc; path = TipViewController.m; sourceTree = "<group>"; };
/* End PBXFileReference section */

/* Begin PBXFrameworksBuildPhase section */
		785551A12682A64200C810C2 /* Frameworks */ = {
			isa = PBXFrameworksBuildPhase;
			buildActionMask = 2147483647;
			files = (
			);
			runOnlyForDeploymentPostprocessing = 0;
		};
		785551BC2682A64300C810C2 /* Frameworks */ = {
			isa = PBXFrameworksBuildPhase;
			buildActionMask = 2147483647;
			files = (
			);
			runOnlyForDeploymentPostprocessing = 0;
		};
		785551C72682A64300C810C2 /* Frameworks */ = {
			isa = PBXFrameworksBuildPhase;
			buildActionMask = 2147483647;
			files = (
			);
			runOnlyForDeploymentPostprocessing = 0;
		};
/* End PBXFrameworksBuildPhase section */

/* Begin PBXGroup section */
		7855519B2682A64200C810C2 = {
			isa = PBXGroup;
			children = (
				785551A62682A64200C810C2 /* Tipsy2.0 */,
				785551C22682A64300C810C2 /* Tipsy2.0Tests */,
				785551CD2682A64300C810C2 /* Tipsy2.0UITests */,
				785551A52682A64200C810C2 /* Products */,
			);
			sourceTree = "<group>";
		};
		785551A52682A64200C810C2 /* Products */ = {
			isa = PBXGroup;
			children = (
				785551A42682A64200C810C2 /* Tipsy2.0.app */,
				785551BF2682A64300C810C2 /* Tipsy2.0Tests.xctest */,
				785551CA2682A64300C810C2 /* Tipsy2.0UITests.xctest */,
			);
			name = Products;
			sourceTree = "<group>";
		};
		785551A62682A64200C810C2 /* Tipsy2.0 */ = {
			isa = PBXGroup;
			children = (
				785551A72682A64200C810C2 /* AppDelegate.h */,
				785551A82682A64200C810C2 /* AppDelegate.m */,
				785551AA2682A64200C810C2 /* SceneDelegate.h */,
				785551AB2682A64200C810C2 /* SceneDelegate.m */,
				785551B02682A64200C810C2 /* Main.storyboard */,
				785551DC2682A99600C810C2 /* TipViewController.h */,
				785551DD2682A99600C810C2 /* TipViewController.m */,
				785551B32682A64300C810C2 /* Assets.xcassets */,
				785551B52682A64300C810C2 /* LaunchScreen.storyboard */,
				785551B82682A64300C810C2 /* Info.plist */,
				785551B92682A64300C810C2 /* main.m */,
			);
			path = Tipsy2.0;
			sourceTree = "<group>";
		};
		785551C22682A64300C810C2 /* Tipsy2.0Tests */ = {
			isa = PBXGroup;
			children = (
				785551C32682A64300C810C2 /* Tipsy2_0Tests.m */,
				785551C52682A64300C810C2 /* Info.plist */,
			);
			path = Tipsy2.0Tests;
			sourceTree = "<group>";
		};
		785551CD2682A64300C810C2 /* Tipsy2.0UITests */ = {
			isa = PBXGroup;
			children = (
				785551CE2682A64300C810C2 /* Tipsy2_0UITests.m */,
				785551D02682A64300C810C2 /* Info.plist */,
			);
			path = Tipsy2.0UITests;
			sourceTree = "<group>";
		};
/* End PBXGroup section */

/* Begin PBXNativeTarget section */
		785551A32682A64200C810C2 /* Tipsy2.0 */ = {
			isa = PBXNativeTarget;
			buildConfigurationList = 785551D32682A64300C810C2 /* Build configuration list for PBXNativeTarget "Tipsy2.0" */;
			buildPhases = (
				785551A02682A64200C810C2 /* Sources */,
				785551A12682A64200C810C2 /* Frameworks */,
				785551A22682A64200C810C2 /* Resources */,
			);
			buildRules = (
			);
			dependencies = (
			);
			name = Tipsy2.0;
			productName = Tipsy2.0;
			productReference = 785551A42682A64200C810C2 /* Tipsy2.0.app */;
			productType = "com.apple.product-type.application";
		};
		785551BE2682A64300C810C2 /* Tipsy2.0Tests */ = {
			isa = PBXNativeTarget;
			buildConfigurationList = 785551D62682A64300C810C2 /* Build configuration list for PBXNativeTarget "Tipsy2.0Tests" */;
			buildPhases = (
				785551BB2682A64300C810C2 /* Sources */,
				785551BC2682A64300C810C2 /* Frameworks */,
				785551BD2682A64300C810C2 /* Resources */,
			);
			buildRules = (
			);
			dependencies = (
				785551C12682A64300C810C2 /* PBXTargetDependency */,
			);
			name = Tipsy2.0Tests;
			productName = Tipsy2.0Tests;
			productReference = 785551BF2682A64300C810C2 /* Tipsy2.0Tests.xctest */;
			productType = "com.apple.product-type.bundle.unit-test";
		};
		785551C92682A64300C810C2 /* Tipsy2.0UITests */ = {
			isa = PBXNativeTarget;
			buildConfigurationList = 785551D92682A64300C810C2 /* Build configuration list for PBXNativeTarget "Tipsy2.0UITests" */;
			buildPhases = (
				785551C62682A64300C810C2 /* Sources */,
				785551C72682A64300C810C2 /* Frameworks */,
				785551C82682A64300C810C2 /* Resources */,
			);
			buildRules = (
			);
			dependencies = (
				785551CC2682A64300C810C2 /* PBXTargetDependency */,
			);
			name = Tipsy2.0UITests;
			productName = Tipsy2.0UITests;
			productReference = 785551CA2682A64300C810C2 /* Tipsy2.0UITests.xctest */;
			productType = "com.apple.product-type.bundle.ui-testing";
		};
/* End PBXNativeTarget section */

/* Begin PBXProject section */
		7855519C2682A64200C810C2 /* Project object */ = {
			isa = PBXProject;
			attributes = {
				LastUpgradeCheck = 1250;
				TargetAttributes = {
					785551A32682A64200C810C2 = {
						CreatedOnToolsVersion = 12.5.1;
					};
					785551BE2682A64300C810C2 = {
						CreatedOnToolsVersion = 12.5.1;
						TestTargetID = 785551A32682A64200C810C2;
					};
					785551C92682A64300C810C2 = {
						CreatedOnToolsVersion = 12.5.1;
						TestTargetID = 785551A32682A64200C810C2;
					};
				};
			};
			buildConfigurationList = 7855519F2682A64200C810C2 /* Build configuration list for PBXProject "Tipsy2.0" */;
			compatibilityVersion = "Xcode 9.3";
			developmentRegion = en;
			hasScannedForEncodings = 0;
			knownRegions = (
				en,
				Base,
			);
			mainGroup = 7855519B2682A64200C810C2;
			productRefGroup = 785551A52682A64200C810C2 /* Products */;
			projectDirPath = "";
			projectRoot = "";
			targets = (
				785551A32682A64200C810C2 /* Tipsy2.0 */,
				785551BE2682A64300C810C2 /* Tipsy2.0Tests */,
				785551C92682A64300C810C2 /* Tipsy2.0UITests */,
			);
		};
/* End PBXProject section */

/* Begin PBXResourcesBuildPhase section */
		785551A22682A64200C810C2 /* Resources */ = {
			isa = PBXResourcesBuildPhase;
			buildActionMask = 2147483647;
			files = (
				785551B72682A64300C810C2 /* LaunchScreen.storyboard in Resources */,
				785551B42682A64300C810C2 /* Assets.xcassets in Resources */,
				785551B22682A64200C810C2 /* Main.storyboard in Resources */,
			);
			runOnlyForDeploymentPostprocessing = 0;
		};
		785551BD2682A64300C810C2 /* Resources */ = {
			isa = PBXResourcesBuildPhase;
			buildActionMask = 2147483647;
			files = (
			);
			runOnlyForDeploymentPostprocessing = 0;
		};
		785551C82682A64300C810C2 /* Resources */ = {
			isa = PBXResourcesBuildPhase;
			buildActionMask = 2147483647;
			files = (
			);
			runOnlyForDeploymentPostprocessing = 0;
		};
/* End PBXResourcesBuildPhase section */

/* Begin PBXSourcesBuildPhase section */
		785551A02682A64200C810C2 /* Sources */ = {
			isa = PBXSourcesBuildPhase;
			buildActionMask = 2147483647;
			files = (
				785551A92682A64200C810C2 /* AppDelegate.m in Sources */,
				785551BA2682A64300C810C2 /* main.m in Sources */,
				785551DE2682A99600C810C2 /* TipViewController.m in Sources */,
				785551AC2682A64200C810C2 /* SceneDelegate.m in Sources */,
			);
			runOnlyForDeploymentPostprocessing = 0;
		};
		785551BB2682A64300C810C2 /* Sources */ = {
			isa = PBXSourcesBuildPhase;
			buildActionMask = 2147483647;
			files = (
				785551C42682A64300C810C2 /* Tipsy2_0Tests.m in Sources */,
			);
			runOnlyForDeploymentPostprocessing = 0;
		};
		785551C62682A64300C810C2 /* Sources */ = {
			isa = PBXSourcesBuildPhase;
			buildActionMask = 2147483647;
			files = (
				785551CF2682A64300C810C2 /* Tipsy2_0UITests.m in Sources */,
			);
			runOnlyForDeploymentPostprocessing = 0;
		};
/* End PBXSourcesBuildPhase section */

/* Begin PBXTargetDependency section */
		785551C12682A64300C810C2 /* PBXTargetDependency */ = {
			isa = PBXTargetDependency;
			target = 785551A32682A64200C810C2 /* Tipsy2.0 */;
			targetProxy = 785551C02682A64300C810C2 /* PBXContainerItemProxy */;
		};
		785551CC2682A64300C810C2 /* PBXTargetDependency */ = {
			isa = PBXTargetDependency;
			target = 785551A32682A64200C810C2 /* Tipsy2.0 */;
			targetProxy = 785551CB2682A64300C810C2 /* PBXContainerItemProxy */;
		};
/* End PBXTargetDependency section */

/* Begin PBXVariantGroup section */
		785551B02682A64200C810C2 /* Main.storyboard */ = {
			isa = PBXVariantGroup;
			children = (
				785551B12682A64200C810C2 /* Base */,
			);
			name = Main.storyboard;
			sourceTree = "<group>";
		};
		785551B52682A64300C810C2 /* LaunchScreen.storyboard */ = {
			isa = PBXVariantGroup;
			children = (
				785551B62682A64300C810C2 /* Base */,
			);
			name = LaunchScreen.storyboard;
			sourceTree = "<group>";
		};
/* End PBXVariantGroup section */

/* Begin XCBuildConfiguration section */
		785551D12682A64300C810C2 /* Debug */ = {
			isa = XCBuildConfiguration;
			buildSettings = {
				ALWAYS_SEARCH_USER_PATHS = NO;
				CLANG_ANALYZER_NONNULL = YES;
				CLANG_ANALYZER_NUMBER_OBJECT_CONVERSION = YES_AGGRESSIVE;
				CLANG_CXX_LANGUAGE_STANDARD = "gnu++14";
				CLANG_CXX_LIBRARY = "libc++";
				CLANG_ENABLE_MODULES = YES;
				CLANG_ENABLE_OBJC_ARC = YES;
				CLANG_ENABLE_OBJC_WEAK = YES;
				CLANG_WARN_BLOCK_CAPTURE_AUTORELEASING = YES;
				CLANG_WARN_BOOL_CONVERSION = YES;
				CLANG_WARN_COMMA = YES;
				CLANG_WARN_CONSTANT_CONVERSION = YES;
				CLANG_WARN_DEPRECATED_OBJC_IMPLEMENTATIONS = YES;
				CLANG_WARN_DIRECT_OBJC_ISA_USAGE = YES_ERROR;
				CLANG_WARN_DOCUMENTATION_COMMENTS = YES;
				CLANG_WARN_EMPTY_BODY = YES;
				CLANG_WARN_ENUM_CONVERSION = YES;
				CLANG_WARN_INFINITE_RECURSION = YES;
				CLANG_WARN_INT_CONVERSION = YES;
				CLANG_WARN_NON_LITERAL_NULL_CONVERSION = YES;
				CLANG_WARN_OBJC_IMPLICIT_RETAIN_SELF = YES;
				CLANG_WARN_OBJC_LITERAL_CONVERSION = YES;
				CLANG_WARN_OBJC_ROOT_CLASS = YES_ERROR;
				CLANG_WARN_QUOTED_INCLUDE_IN_FRAMEWORK_HEADER = YES;
				CLANG_WARN_RANGE_LOOP_ANALYSIS = YES;
				CLANG_WARN_STRICT_PROTOTYPES = YES;
				CLANG_WARN_SUSPICIOUS_MOVE = YES;
				CLANG_WARN_UNGUARDED_AVAILABILITY = YES_AGGRESSIVE;
				CLANG_WARN_UNREACHABLE_CODE = YES;
				CLANG_WARN__DUPLICATE_METHOD_MATCH = YES;
				COPY_PHASE_STRIP = NO;
				DEBUG_INFORMATION_FORMAT = dwarf;
				ENABLE_STRICT_OBJC_MSGSEND = YES;
				ENABLE_TESTABILITY = YES;
				GCC_C_LANGUAGE_STANDARD = gnu11;
				GCC_DYNAMIC_NO_PIC = NO;
				GCC_NO_COMMON_BLOCKS = YES;
				GCC_OPTIMIZATION_LEVEL = 0;
				GCC_PREPROCESSOR_DEFINITIONS = (
					"DEBUG=1",
					"$(inherited)",
				);
				GCC_WARN_64_TO_32_BIT_CONVERSION = YES;
				GCC_WARN_ABOUT_RETURN_TYPE = YES_ERROR;
				GCC_WARN_UNDECLARED_SELECTOR = YES;
				GCC_WARN_UNINITIALIZED_AUTOS = YES_AGGRESSIVE;
				GCC_WARN_UNUSED_FUNCTION = YES;
				GCC_WARN_UNUSED_VARIABLE = YES;
				IPHONEOS_DEPLOYMENT_TARGET = 14.5;
				MTL_ENABLE_DEBUG_INFO = INCLUDE_SOURCE;
				MTL_FAST_MATH = YES;
				ONLY_ACTIVE_ARCH = YES;
				SDKROOT = iphoneos;
			};
			name = Debug;
		};
		785551D22682A64300C810C2 /* Release */ = {
			isa = XCBuildConfiguration;
			buildSettings = {
				ALWAYS_SEARCH_USER_PATHS = NO;
				CLANG_ANALYZER_NONNULL = YES;
				CLANG_ANALYZER_NUMBER_OBJECT_CONVERSION = YES_AGGRESSIVE;
				CLANG_CXX_LANGUAGE_STANDARD = "gnu++14";
				CLANG_CXX_LIBRARY = "libc++";
				CLANG_ENABLE_MODULES = YES;
				CLANG_ENABLE_OBJC_ARC = YES;
				CLANG_ENABLE_OBJC_WEAK = YES;
				CLANG_WARN_BLOCK_CAPTURE_AUTORELEASING = YES;
				CLANG_WARN_BOOL_CONVERSION = YES;
				CLANG_WARN_COMMA = YES;
				CLANG_WARN_CONSTANT_CONVERSION = YES;
				CLANG_WARN_DEPRECATED_OBJC_IMPLEMENTATIONS = YES;
				CLANG_WARN_DIRECT_OBJC_ISA_USAGE = YES_ERROR;
				CLANG_WARN_DOCUMENTATION_COMMENTS = YES;
				CLANG_WARN_EMPTY_BODY = YES;
				CLANG_WARN_ENUM_CONVERSION = YES;
				CLANG_WARN_INFINITE_RECURSION = YES;
				CLANG_WARN_INT_CONVERSION = YES;
				CLANG_WARN_NON_LITERAL_NULL_CONVERSION = YES;
				CLANG_WARN_OBJC_IMPLICIT_RETAIN_SELF = YES;
				CLANG_WARN_OBJC_LITERAL_CONVERSION = YES;
				CLANG_WARN_OBJC_ROOT_CLASS = YES_ERROR;
				CLANG_WARN_QUOTED_INCLUDE_IN_FRAMEWORK_HEADER = YES;
				CLANG_WARN_RANGE_LOOP_ANALYSIS = YES;
				CLANG_WARN_STRICT_PROTOTYPES = YES;
				CLANG_WARN_SUSPICIOUS_MOVE = YES;
				CLANG_WARN_UNGUARDED_AVAILABILITY = YES_AGGRESSIVE;
				CLANG_WARN_UNREACHABLE_CODE = YES;
				CLANG_WARN__DUPLICATE_METHOD_MATCH = YES;
				COPY_PHASE_STRIP = NO;
				DEBUG_INFORMATION_FORMAT = "dwarf-with-dsym";
				ENABLE_NS_ASSERTIONS = NO;
				ENABLE_STRICT_OBJC_MSGSEND = YES;
				GCC_C_LANGUAGE_STANDARD = gnu11;
				GCC_NO_COMMON_BLOCKS = YES;
				GCC_WARN_64_TO_32_BIT_CONVERSION = YES;
				GCC_WARN_ABOUT_RETURN_TYPE = YES_ERROR;
				GCC_WARN_UNDECLARED_SELECTOR = YES;
				GCC_WARN_UNINITIALIZED_AUTOS = YES_AGGRESSIVE;
				GCC_WARN_UNUSED_FUNCTION = YES;
				GCC_WARN_UNUSED_VARIABLE = YES;
				IPHONEOS_DEPLOYMENT_TARGET = 14.5;
				MTL_ENABLE_DEBUG_INFO = NO;
				MTL_FAST_MATH = YES;
				SDKROOT = iphoneos;
				VALIDATE_PRODUCT = YES;
			};
			name = Release;
		};
		785551D42682A64300C810C2 /* Debug */ = {
			isa = XCBuildConfiguration;
			buildSettings = {
				ASSETCATALOG_COMPILER_APPICON_NAME = AppIcon;
				ASSETCATALOG_COMPILER_GLOBAL_ACCENT_COLOR_NAME = AccentColor;
				CODE_SIGN_STYLE = Automatic;
				DEVELOPMENT_TEAM = 54U4XNMMRU;
				INFOPLIST_FILE = Tipsy2.0/Info.plist;
				LD_RUNPATH_SEARCH_PATHS = (
					"$(inherited)",
					"@executable_path/Frameworks",
				);
				PRODUCT_BUNDLE_IDENTIFIER = "com.constanceh.Tipsy2-0";
				PRODUCT_NAME = "$(TARGET_NAME)";
				TARGETED_DEVICE_FAMILY = "1,2";
			};
			name = Debug;
		};
		785551D52682A64300C810C2 /* Release */ = {
			isa = XCBuildConfiguration;
			buildSettings = {
				ASSETCATALOG_COMPILER_APPICON_NAME = AppIcon;
				ASSETCATALOG_COMPILER_GLOBAL_ACCENT_COLOR_NAME = AccentColor;
				CODE_SIGN_STYLE = Automatic;
				DEVELOPMENT_TEAM = 54U4XNMMRU;
				INFOPLIST_FILE = Tipsy2.0/Info.plist;
				LD_RUNPATH_SEARCH_PATHS = (
					"$(inherited)",
					"@executable_path/Frameworks",
				);
				PRODUCT_BUNDLE_IDENTIFIER = "com.constanceh.Tipsy2-0";
				PRODUCT_NAME = "$(TARGET_NAME)";
				TARGETED_DEVICE_FAMILY = "1,2";
			};
			name = Release;
		};
		785551D72682A64300C810C2 /* Debug */ = {
			isa = XCBuildConfiguration;
			buildSettings = {
				BUNDLE_LOADER = "$(TEST_HOST)";
				CODE_SIGN_STYLE = Automatic;
				DEVELOPMENT_TEAM = 54U4XNMMRU;
				INFOPLIST_FILE = Tipsy2.0Tests/Info.plist;
				IPHONEOS_DEPLOYMENT_TARGET = 14.5;
				LD_RUNPATH_SEARCH_PATHS = (
					"$(inherited)",
					"@executable_path/Frameworks",
					"@loader_path/Frameworks",
				);
				PRODUCT_BUNDLE_IDENTIFIER = "com.constanceh.Tipsy2-0Tests";
				PRODUCT_NAME = "$(TARGET_NAME)";
				TARGETED_DEVICE_FAMILY = "1,2";
				TEST_HOST = "$(BUILT_PRODUCTS_DIR)/Tipsy2.0.app/Tipsy2.0";
			};
			name = Debug;
		};
		785551D82682A64300C810C2 /* Release */ = {
			isa = XCBuildConfiguration;
			buildSettings = {
				BUNDLE_LOADER = "$(TEST_HOST)";
				CODE_SIGN_STYLE = Automatic;
				DEVELOPMENT_TEAM = 54U4XNMMRU;
				INFOPLIST_FILE = Tipsy2.0Tests/Info.plist;
				IPHONEOS_DEPLOYMENT_TARGET = 14.5;
				LD_RUNPATH_SEARCH_PATHS = (
					"$(inherited)",
					"@executable_path/Frameworks",
					"@loader_path/Frameworks",
				);
				PRODUCT_BUNDLE_IDENTIFIER = "com.constanceh.Tipsy2-0Tests";
				PRODUCT_NAME = "$(TARGET_NAME)";
				TARGETED_DEVICE_FAMILY = "1,2";
				TEST_HOST = "$(BUILT_PRODUCTS_DIR)/Tipsy2.0.app/Tipsy2.0";
			};
			name = Release;
		};
		785551DA2682A64300C810C2 /* Debug */ = {
			isa = XCBuildConfiguration;
			buildSettings = {
				CODE_SIGN_STYLE = Automatic;
				DEVELOPMENT_TEAM = 54U4XNMMRU;
				INFOPLIST_FILE = Tipsy2.0UITests/Info.plist;
				LD_RUNPATH_SEARCH_PATHS = (
					"$(inherited)",
					"@executable_path/Frameworks",
					"@loader_path/Frameworks",
				);
				PRODUCT_BUNDLE_IDENTIFIER = "com.constanceh.Tipsy2-0UITests";
				PRODUCT_NAME = "$(TARGET_NAME)";
				TARGETED_DEVICE_FAMILY = "1,2";
				TEST_TARGET_NAME = Tipsy2.0;
			};
			name = Debug;
		};
		785551DB2682A64300C810C2 /* Release */ = {
			isa = XCBuildConfiguration;
			buildSettings = {
				CODE_SIGN_STYLE = Automatic;
				DEVELOPMENT_TEAM = 54U4XNMMRU;
				INFOPLIST_FILE = Tipsy2.0UITests/Info.plist;
				LD_RUNPATH_SEARCH_PATHS = (
					"$(inherited)",
					"@executable_path/Frameworks",
					"@loader_path/Frameworks",
				);
				PRODUCT_BUNDLE_IDENTIFIER = "com.constanceh.Tipsy2-0UITests";
				PRODUCT_NAME = "$(TARGET_NAME)";
				TARGETED_DEVICE_FAMILY = "1,2";
				TEST_TARGET_NAME = Tipsy2.0;
			};
			name = Release;
		};
/* End XCBuildConfiguration section */

/* Begin XCConfigurationList section */
		7855519F2682A64200C810C2 /* Build configuration list for PBXProject "Tipsy2.0" */ = {
			isa = XCConfigurationList;
			buildConfigurations = (
				785551D12682A64300C810C2 /* Debug */,
				785551D22682A64300C810C2 /* Release */,
			);
			defaultConfigurationIsVisible = 0;
			defaultConfigurationName = Release;
		};
		785551D32682A64300C810C2 /* Build configuration list for PBXNativeTarget "Tipsy2.0" */ = {
			isa = XCConfigurationList;
			buildConfigurations = (
				785551D42682A64300C810C2 /* Debug */,
				785551D52682A64300C810C2 /* Release */,
			);
			defaultConfigurationIsVisible = 0;
			defaultConfigurationName = Release;
		};
		785551D62682A64300C810C2 /* Build configuration list for PBXNativeTarget "Tipsy2.0Tests" */ = {
			isa = XCConfigurationList;
			buildConfigurations = (
				785551D72682A64300C810C2 /* Debug */,
				785551D82682A64300C810C2 /* Release */,
			);
			defaultConfigurationIsVisible = 0;
			defaultConfigurationName = Release;
		};
		785551D92682A64300C810C2 /* Build configuration list for PBXNativeTarget "Tipsy2.0UITests" */ = {
			isa = XCConfigurationList;
			buildConfigurations = (
				785551DA2682A64300C810C2 /* Debug */,
				785551DB2682A64300C810C2 /* Release */,
			);
			defaultConfigurationIsVisible = 0;
			defaultConfigurationName = Release;
		};
/* End XCConfigurationList section */
	};
	rootObject = 7855519C2682A64200C810C2 /* Project object */;
}
